// !$*UTF8*$!
{
	archiveVersion = 1;
	classes = {
	};
	objectVersion = 50;
	objects = {

/* Begin PBXBuildFile section */
		615EB49326A881E900881201 /* NetworkManager.swift in Sources */ = {isa = PBXBuildFile; fileRef = 615EB49226A881E900881201 /* NetworkManager.swift */; };
		615EB49826A88FF200881201 /* ErrorMessage.swift in Sources */ = {isa = PBXBuildFile; fileRef = 615EB49726A88FF200881201 /* ErrorMessage.swift */; };
		618909A326A5EC010048536C /* AppDelegate.swift in Sources */ = {isa = PBXBuildFile; fileRef = 618909A226A5EC010048536C /* AppDelegate.swift */; };
		618909A526A5EC010048536C /* SceneDelegate.swift in Sources */ = {isa = PBXBuildFile; fileRef = 618909A426A5EC010048536C /* SceneDelegate.swift */; };
		618909AC26A5EC010048536C /* Assets.xcassets in Resources */ = {isa = PBXBuildFile; fileRef = 618909AB26A5EC010048536C /* Assets.xcassets */; };
		618909AF26A5EC010048536C /* LaunchScreen.storyboard in Resources */ = {isa = PBXBuildFile; fileRef = 618909AD26A5EC010048536C /* LaunchScreen.storyboard */; };
		618909BC26A5F3030048536C /* SearchVC.swift in Sources */ = {isa = PBXBuildFile; fileRef = 618909BB26A5F3030048536C /* SearchVC.swift */; };
		618909BF26A5F33B0048536C /* FavoritesListVC.swift in Sources */ = {isa = PBXBuildFile; fileRef = 618909BE26A5F33B0048536C /* FavoritesListVC.swift */; };
		618909C326A60AE60048536C /* GFButton.swift in Sources */ = {isa = PBXBuildFile; fileRef = 618909C226A60AE60048536C /* GFButton.swift */; };
		618909C626A60F310048536C /* GFTextField.swift in Sources */ = {isa = PBXBuildFile; fileRef = 618909C526A60F310048536C /* GFTextField.swift */; };
		618909C926A62B1E0048536C /* FollowerListVC.swift in Sources */ = {isa = PBXBuildFile; fileRef = 618909C826A62B1E0048536C /* FollowerListVC.swift */; };
		61ABE86D26A738EA00D6A8FC /* GFTitleLabel.swift in Sources */ = {isa = PBXBuildFile; fileRef = 61ABE86C26A738EA00D6A8FC /* GFTitleLabel.swift */; };
		61ABE87026A73AFE00D6A8FC /* GFBodyLabel.swift in Sources */ = {isa = PBXBuildFile; fileRef = 61ABE86F26A73AFE00D6A8FC /* GFBodyLabel.swift */; };
		61ABE87426A73BF000D6A8FC /* GFAlertVC.swift in Sources */ = {isa = PBXBuildFile; fileRef = 61ABE87326A73BF000D6A8FC /* GFAlertVC.swift */; };
		61ABE87726A7457200D6A8FC /* UIViewController+Ext.swift in Sources */ = {isa = PBXBuildFile; fileRef = 61ABE87626A7457200D6A8FC /* UIViewController+Ext.swift */; };
		61ABE88126A75DD500D6A8FC /* Follower.swift in Sources */ = {isa = PBXBuildFile; fileRef = 61ABE88026A75DD500D6A8FC /* Follower.swift */; };
		61ABE88426A75EA900D6A8FC /* User.swift in Sources */ = {isa = PBXBuildFile; fileRef = 61ABE88326A75EA900D6A8FC /* User.swift */; };
/* End PBXBuildFile section */

/* Begin PBXFileReference section */
		615EB49226A881E900881201 /* NetworkManager.swift */ = {isa = PBXFileReference; lastKnownFileType = sourcecode.swift; path = NetworkManager.swift; sourceTree = "<group>"; };
		615EB49726A88FF200881201 /* ErrorMessage.swift */ = {isa = PBXFileReference; lastKnownFileType = sourcecode.swift; path = ErrorMessage.swift; sourceTree = "<group>"; };
		6189099F26A5EC010048536C /* GHFollowers.app */ = {isa = PBXFileReference; explicitFileType = wrapper.application; includeInIndex = 0; path = GHFollowers.app; sourceTree = BUILT_PRODUCTS_DIR; };
		618909A226A5EC010048536C /* AppDelegate.swift */ = {isa = PBXFileReference; lastKnownFileType = sourcecode.swift; path = AppDelegate.swift; sourceTree = "<group>"; };
		618909A426A5EC010048536C /* SceneDelegate.swift */ = {isa = PBXFileReference; lastKnownFileType = sourcecode.swift; path = SceneDelegate.swift; sourceTree = "<group>"; };
		618909AB26A5EC010048536C /* Assets.xcassets */ = {isa = PBXFileReference; lastKnownFileType = folder.assetcatalog; path = Assets.xcassets; sourceTree = "<group>"; };
		618909AE26A5EC010048536C /* Base */ = {isa = PBXFileReference; lastKnownFileType = file.storyboard; name = Base; path = Base.lproj/LaunchScreen.storyboard; sourceTree = "<group>"; };
		618909B026A5EC010048536C /* Info.plist */ = {isa = PBXFileReference; lastKnownFileType = text.plist.xml; path = Info.plist; sourceTree = "<group>"; };
		618909BB26A5F3030048536C /* SearchVC.swift */ = {isa = PBXFileReference; lastKnownFileType = sourcecode.swift; path = SearchVC.swift; sourceTree = "<group>"; };
		618909BE26A5F33B0048536C /* FavoritesListVC.swift */ = {isa = PBXFileReference; lastKnownFileType = sourcecode.swift; path = FavoritesListVC.swift; sourceTree = "<group>"; };
		618909C226A60AE60048536C /* GFButton.swift */ = {isa = PBXFileReference; lastKnownFileType = sourcecode.swift; path = GFButton.swift; sourceTree = "<group>"; };
		618909C526A60F310048536C /* GFTextField.swift */ = {isa = PBXFileReference; lastKnownFileType = sourcecode.swift; path = GFTextField.swift; sourceTree = "<group>"; };
		618909C826A62B1E0048536C /* FollowerListVC.swift */ = {isa = PBXFileReference; lastKnownFileType = sourcecode.swift; path = FollowerListVC.swift; sourceTree = "<group>"; };
		61ABE86C26A738EA00D6A8FC /* GFTitleLabel.swift */ = {isa = PBXFileReference; lastKnownFileType = sourcecode.swift; path = GFTitleLabel.swift; sourceTree = "<group>"; };
		61ABE86F26A73AFE00D6A8FC /* GFBodyLabel.swift */ = {isa = PBXFileReference; lastKnownFileType = sourcecode.swift; path = GFBodyLabel.swift; sourceTree = "<group>"; };
		61ABE87326A73BF000D6A8FC /* GFAlertVC.swift */ = {isa = PBXFileReference; lastKnownFileType = sourcecode.swift; path = GFAlertVC.swift; sourceTree = "<group>"; };
		61ABE87626A7457200D6A8FC /* UIViewController+Ext.swift */ = {isa = PBXFileReference; lastKnownFileType = sourcecode.swift; path = "UIViewController+Ext.swift"; sourceTree = "<group>"; };
		61ABE88026A75DD500D6A8FC /* Follower.swift */ = {isa = PBXFileReference; lastKnownFileType = sourcecode.swift; path = Follower.swift; sourceTree = "<group>"; };
		61ABE88326A75EA900D6A8FC /* User.swift */ = {isa = PBXFileReference; lastKnownFileType = sourcecode.swift; path = User.swift; sourceTree = "<group>"; };
/* End PBXFileReference section */

/* Begin PBXFrameworksBuildPhase section */
		6189099C26A5EC010048536C /* Frameworks */ = {
			isa = PBXFrameworksBuildPhase;
			buildActionMask = 2147483647;
			files = (
			);
			runOnlyForDeploymentPostprocessing = 0;
		};
/* End PBXFrameworksBuildPhase section */

/* Begin PBXGroup section */
		615EB49126A881C200881201 /* Managers */ = {
			isa = PBXGroup;
			children = (
				615EB49226A881E900881201 /* NetworkManager.swift */,
			);
			path = Managers;
			sourceTree = "<group>";
		};
		615EB49626A88FDE00881201 /* Utilities */ = {
			isa = PBXGroup;
			children = (
				615EB49726A88FF200881201 /* ErrorMessage.swift */,
			);
			path = Utilities;
			sourceTree = "<group>";
		};
		6189099626A5EC010048536C = {
			isa = PBXGroup;
			children = (
				618909A126A5EC010048536C /* GHFollowers */,
				618909A026A5EC010048536C /* Products */,
			);
			sourceTree = "<group>";
		};
		618909A026A5EC010048536C /* Products */ = {
			isa = PBXGroup;
			children = (
				6189099F26A5EC010048536C /* GHFollowers.app */,
			);
			name = Products;
			sourceTree = "<group>";
		};
		618909A126A5EC010048536C /* GHFollowers */ = {
			isa = PBXGroup;
			children = (
				615EB49626A88FDE00881201 /* Utilities */,
				615EB49126A881C200881201 /* Managers */,
				61ABE87F26A75DBF00D6A8FC /* Model */,
				61ABE87B26A7536C00D6A8FC /* Extensions */,
				61ABE87A26A7532B00D6A8FC /* Custom Views */,
				61ABE87926A752FC00D6A8FC /* Screens */,
				61ABE87C26A753BB00D6A8FC /* Support */,
			);
			path = GHFollowers;
			sourceTree = "<group>";
		};
		61ABE87926A752FC00D6A8FC /* Screens */ = {
			isa = PBXGroup;
			children = (
				618909BB26A5F3030048536C /* SearchVC.swift */,
				618909BE26A5F33B0048536C /* FavoritesListVC.swift */,
				618909C826A62B1E0048536C /* FollowerListVC.swift */,
			);
			path = Screens;
			sourceTree = "<group>";
		};
		61ABE87A26A7532B00D6A8FC /* Custom Views */ = {
			isa = PBXGroup;
			children = (
				61ABE87326A73BF000D6A8FC /* GFAlertVC.swift */,
				61ABE86C26A738EA00D6A8FC /* GFTitleLabel.swift */,
				618909C226A60AE60048536C /* GFButton.swift */,
				618909C526A60F310048536C /* GFTextField.swift */,
				61ABE86F26A73AFE00D6A8FC /* GFBodyLabel.swift */,
			);
			path = "Custom Views";
			sourceTree = "<group>";
		};
		61ABE87B26A7536C00D6A8FC /* Extensions */ = {
			isa = PBXGroup;
			children = (
				61ABE87626A7457200D6A8FC /* UIViewController+Ext.swift */,
			);
			path = Extensions;
			sourceTree = "<group>";
		};
		61ABE87C26A753BB00D6A8FC /* Support */ = {
			isa = PBXGroup;
			children = (
				618909A226A5EC010048536C /* AppDelegate.swift */,
				618909A426A5EC010048536C /* SceneDelegate.swift */,
				618909AB26A5EC010048536C /* Assets.xcassets */,
				618909AD26A5EC010048536C /* LaunchScreen.storyboard */,
				618909B026A5EC010048536C /* Info.plist */,
			);
			path = Support;
			sourceTree = "<group>";
		};
		61ABE87F26A75DBF00D6A8FC /* Model */ = {
			isa = PBXGroup;
			children = (
				61ABE88026A75DD500D6A8FC /* Follower.swift */,
				61ABE88326A75EA900D6A8FC /* User.swift */,
			);
			path = Model;
			sourceTree = "<group>";
		};
/* End PBXGroup section */

/* Begin PBXNativeTarget section */
		6189099E26A5EC010048536C /* GHFollowers */ = {
			isa = PBXNativeTarget;
			buildConfigurationList = 618909B326A5EC010048536C /* Build configuration list for PBXNativeTarget "GHFollowers" */;
			buildPhases = (
				6189099B26A5EC010048536C /* Sources */,
				6189099C26A5EC010048536C /* Frameworks */,
				6189099D26A5EC010048536C /* Resources */,
			);
			buildRules = (
			);
			dependencies = (
			);
			name = GHFollowers;
			productName = GHFollowers;
			productReference = 6189099F26A5EC010048536C /* GHFollowers.app */;
			productType = "com.apple.product-type.application";
		};
/* End PBXNativeTarget section */

/* Begin PBXProject section */
		6189099726A5EC010048536C /* Project object */ = {
			isa = PBXProject;
			attributes = {
				LastSwiftUpdateCheck = 1240;
				LastUpgradeCheck = 1240;
				TargetAttributes = {
					6189099E26A5EC010048536C = {
						CreatedOnToolsVersion = 12.4;
					};
				};
			};
			buildConfigurationList = 6189099A26A5EC010048536C /* Build configuration list for PBXProject "GHFollowers" */;
			compatibilityVersion = "Xcode 9.3";
			developmentRegion = en;
			hasScannedForEncodings = 0;
			knownRegions = (
				en,
				Base,
			);
			mainGroup = 6189099626A5EC010048536C;
			productRefGroup = 618909A026A5EC010048536C /* Products */;
			projectDirPath = "";
			projectRoot = "";
			targets = (
				6189099E26A5EC010048536C /* GHFollowers */,
			);
		};
/* End PBXProject section */

/* Begin PBXResourcesBuildPhase section */
		6189099D26A5EC010048536C /* Resources */ = {
			isa = PBXResourcesBuildPhase;
			buildActionMask = 2147483647;
			files = (
				618909AF26A5EC010048536C /* LaunchScreen.storyboard in Resources */,
				618909AC26A5EC010048536C /* Assets.xcassets in Resources */,
			);
			runOnlyForDeploymentPostprocessing = 0;
		};
/* End PBXResourcesBuildPhase section */

/* Begin PBXSourcesBuildPhase section */
		6189099B26A5EC010048536C /* Sources */ = {
			isa = PBXSourcesBuildPhase;
			buildActionMask = 2147483647;
			files = (
				61ABE88426A75EA900D6A8FC /* User.swift in Sources */,
				618909C626A60F310048536C /* GFTextField.swift in Sources */,
				618909BF26A5F33B0048536C /* FavoritesListVC.swift in Sources */,
				618909C326A60AE60048536C /* GFButton.swift in Sources */,
				61ABE87726A7457200D6A8FC /* UIViewController+Ext.swift in Sources */,
				618909BC26A5F3030048536C /* SearchVC.swift in Sources */,
				61ABE87426A73BF000D6A8FC /* GFAlertVC.swift in Sources */,
				615EB49826A88FF200881201 /* ErrorMessage.swift in Sources */,
				61ABE87026A73AFE00D6A8FC /* GFBodyLabel.swift in Sources */,
				61ABE88126A75DD500D6A8FC /* Follower.swift in Sources */,
				61ABE86D26A738EA00D6A8FC /* GFTitleLabel.swift in Sources */,
				615EB49326A881E900881201 /* NetworkManager.swift in Sources */,
				618909C926A62B1E0048536C /* FollowerListVC.swift in Sources */,
				618909A326A5EC010048536C /* AppDelegate.swift in Sources */,
				618909A526A5EC010048536C /* SceneDelegate.swift in Sources */,
			);
			runOnlyForDeploymentPostprocessing = 0;
		};
/* End PBXSourcesBuildPhase section */

/* Begin PBXVariantGroup section */
		618909AD26A5EC010048536C /* LaunchScreen.storyboard */ = {
			isa = PBXVariantGroup;
			children = (
				618909AE26A5EC010048536C /* Base */,
			);
			name = LaunchScreen.storyboard;
			sourceTree = "<group>";
		};
/* End PBXVariantGroup section */

/* Begin XCBuildConfiguration section */
		618909B126A5EC010048536C /* Debug */ = {
			isa = XCBuildConfiguration;
			buildSettings = {
				ALWAYS_SEARCH_USER_PATHS = NO;
				CLANG_ANALYZER_NONNULL = YES;
				CLANG_ANALYZER_NUMBER_OBJECT_CONVERSION = YES_AGGRESSIVE;
				CLANG_CXX_LANGUAGE_STANDARD = "gnu++14";
				CLANG_CXX_LIBRARY = "libc++";
				CLANG_ENABLE_MODULES = YES;
				CLANG_ENABLE_OBJC_ARC = YES;
				CLANG_ENABLE_OBJC_WEAK = YES;
				CLANG_WARN_BLOCK_CAPTURE_AUTORELEASING = YES;
				CLANG_WARN_BOOL_CONVERSION = YES;
				CLANG_WARN_COMMA = YES;
				CLANG_WARN_CONSTANT_CONVERSION = YES;
				CLANG_WARN_DEPRECATED_OBJC_IMPLEMENTATIONS = YES;
				CLANG_WARN_DIRECT_OBJC_ISA_USAGE = YES_ERROR;
				CLANG_WARN_DOCUMENTATION_COMMENTS = YES;
				CLANG_WARN_EMPTY_BODY = YES;
				CLANG_WARN_ENUM_CONVERSION = YES;
				CLANG_WARN_INFINITE_RECURSION = YES;
				CLANG_WARN_INT_CONVERSION = YES;
				CLANG_WARN_NON_LITERAL_NULL_CONVERSION = YES;
				CLANG_WARN_OBJC_IMPLICIT_RETAIN_SELF = YES;
				CLANG_WARN_OBJC_LITERAL_CONVERSION = YES;
				CLANG_WARN_OBJC_ROOT_CLASS = YES_ERROR;
				CLANG_WARN_QUOTED_INCLUDE_IN_FRAMEWORK_HEADER = YES;
				CLANG_WARN_RANGE_LOOP_ANALYSIS = YES;
				CLANG_WARN_STRICT_PROTOTYPES = YES;
				CLANG_WARN_SUSPICIOUS_MOVE = YES;
				CLANG_WARN_UNGUARDED_AVAILABILITY = YES_AGGRESSIVE;
				CLANG_WARN_UNREACHABLE_CODE = YES;
				CLANG_WARN__DUPLICATE_METHOD_MATCH = YES;
				COPY_PHASE_STRIP = NO;
				DEBUG_INFORMATION_FORMAT = dwarf;
				ENABLE_STRICT_OBJC_MSGSEND = YES;
				ENABLE_TESTABILITY = YES;
				GCC_C_LANGUAGE_STANDARD = gnu11;
				GCC_DYNAMIC_NO_PIC = NO;
				GCC_NO_COMMON_BLOCKS = YES;
				GCC_OPTIMIZATION_LEVEL = 0;
				GCC_PREPROCESSOR_DEFINITIONS = (
					"DEBUG=1",
					"$(inherited)",
				);
				GCC_WARN_64_TO_32_BIT_CONVERSION = YES;
				GCC_WARN_ABOUT_RETURN_TYPE = YES_ERROR;
				GCC_WARN_UNDECLARED_SELECTOR = YES;
				GCC_WARN_UNINITIALIZED_AUTOS = YES_AGGRESSIVE;
				GCC_WARN_UNUSED_FUNCTION = YES;
				GCC_WARN_UNUSED_VARIABLE = YES;
				IPHONEOS_DEPLOYMENT_TARGET = 14.4;
				MTL_ENABLE_DEBUG_INFO = INCLUDE_SOURCE;
				MTL_FAST_MATH = YES;
				ONLY_ACTIVE_ARCH = YES;
				SDKROOT = iphoneos;
				SWIFT_ACTIVE_COMPILATION_CONDITIONS = DEBUG;
				SWIFT_OPTIMIZATION_LEVEL = "-Onone";
			};
			name = Debug;
		};
		618909B226A5EC010048536C /* Release */ = {
			isa = XCBuildConfiguration;
			buildSettings = {
				ALWAYS_SEARCH_USER_PATHS = NO;
				CLANG_ANALYZER_NONNULL = YES;
				CLANG_ANALYZER_NUMBER_OBJECT_CONVERSION = YES_AGGRESSIVE;
				CLANG_CXX_LANGUAGE_STANDARD = "gnu++14";
				CLANG_CXX_LIBRARY = "libc++";
				CLANG_ENABLE_MODULES = YES;
				CLANG_ENABLE_OBJC_ARC = YES;
				CLANG_ENABLE_OBJC_WEAK = YES;
				CLANG_WARN_BLOCK_CAPTURE_AUTORELEASING = YES;
				CLANG_WARN_BOOL_CONVERSION = YES;
				CLANG_WARN_COMMA = YES;
				CLANG_WARN_CONSTANT_CONVERSION = YES;
				CLANG_WARN_DEPRECATED_OBJC_IMPLEMENTATIONS = YES;
				CLANG_WARN_DIRECT_OBJC_ISA_USAGE = YES_ERROR;
				CLANG_WARN_DOCUMENTATION_COMMENTS = YES;
				CLANG_WARN_EMPTY_BODY = YES;
				CLANG_WARN_ENUM_CONVERSION = YES;
				CLANG_WARN_INFINITE_RECURSION = YES;
				CLANG_WARN_INT_CONVERSION = YES;
				CLANG_WARN_NON_LITERAL_NULL_CONVERSION = YES;
				CLANG_WARN_OBJC_IMPLICIT_RETAIN_SELF = YES;
				CLANG_WARN_OBJC_LITERAL_CONVERSION = YES;
				CLANG_WARN_OBJC_ROOT_CLASS = YES_ERROR;
				CLANG_WARN_QUOTED_INCLUDE_IN_FRAMEWORK_HEADER = YES;
				CLANG_WARN_RANGE_LOOP_ANALYSIS = YES;
				CLANG_WARN_STRICT_PROTOTYPES = YES;
				CLANG_WARN_SUSPICIOUS_MOVE = YES;
				CLANG_WARN_UNGUARDED_AVAILABILITY = YES_AGGRESSIVE;
				CLANG_WARN_UNREACHABLE_CODE = YES;
				CLANG_WARN__DUPLICATE_METHOD_MATCH = YES;
				COPY_PHASE_STRIP = NO;
				DEBUG_INFORMATION_FORMAT = "dwarf-with-dsym";
				ENABLE_NS_ASSERTIONS = NO;
				ENABLE_STRICT_OBJC_MSGSEND = YES;
				GCC_C_LANGUAGE_STANDARD = gnu11;
				GCC_NO_COMMON_BLOCKS = YES;
				GCC_WARN_64_TO_32_BIT_CONVERSION = YES;
				GCC_WARN_ABOUT_RETURN_TYPE = YES_ERROR;
				GCC_WARN_UNDECLARED_SELECTOR = YES;
				GCC_WARN_UNINITIALIZED_AUTOS = YES_AGGRESSIVE;
				GCC_WARN_UNUSED_FUNCTION = YES;
				GCC_WARN_UNUSED_VARIABLE = YES;
				IPHONEOS_DEPLOYMENT_TARGET = 14.4;
				MTL_ENABLE_DEBUG_INFO = NO;
				MTL_FAST_MATH = YES;
				SDKROOT = iphoneos;
				SWIFT_COMPILATION_MODE = wholemodule;
				SWIFT_OPTIMIZATION_LEVEL = "-O";
				VALIDATE_PRODUCT = YES;
			};
			name = Release;
		};
		618909B426A5EC010048536C /* Debug */ = {
			isa = XCBuildConfiguration;
			buildSettings = {
				ASSETCATALOG_COMPILER_APPICON_NAME = AppIcon;
				ASSETCATALOG_COMPILER_GLOBAL_ACCENT_COLOR_NAME = AccentColor;
				CODE_SIGN_STYLE = Automatic;
				DEVELOPMENT_TEAM = 97SHUJUHRW;
				INFOPLIST_FILE = GHFollowers/Support/Info.plist;
				LD_RUNPATH_SEARCH_PATHS = (
					"$(inherited)",
					"@executable_path/Frameworks",
				);
				PRODUCT_BUNDLE_IDENTIFIER = com.sergeyagmalin.GHFollowers;
				PRODUCT_NAME = "$(TARGET_NAME)";
				SWIFT_VERSION = 5.0;
				TARGETED_DEVICE_FAMILY = 1;
			};
			name = Debug;
		};
		618909B526A5EC010048536C /* Release */ = {
			isa = XCBuildConfiguration;
			buildSettings = {
				ASSETCATALOG_COMPILER_APPICON_NAME = AppIcon;
				ASSETCATALOG_COMPILER_GLOBAL_ACCENT_COLOR_NAME = AccentColor;
				CODE_SIGN_STYLE = Automatic;
				DEVELOPMENT_TEAM = 97SHUJUHRW;
				INFOPLIST_FILE = GHFollowers/Support/Info.plist;
				LD_RUNPATH_SEARCH_PATHS = (
					"$(inherited)",
					"@executable_path/Frameworks",
				);
				PRODUCT_BUNDLE_IDENTIFIER = com.sergeyagmalin.GHFollowers;
				PRODUCT_NAME = "$(TARGET_NAME)";
				SWIFT_VERSION = 5.0;
				TARGETED_DEVICE_FAMILY = 1;
			};
			name = Release;
		};
/* End XCBuildConfiguration section */

/* Begin XCConfigurationList section */
		6189099A26A5EC010048536C /* Build configuration list for PBXProject "GHFollowers" */ = {
			isa = XCConfigurationList;
			buildConfigurations = (
				618909B126A5EC010048536C /* Debug */,
				618909B226A5EC010048536C /* Release */,
			);
			defaultConfigurationIsVisible = 0;
			defaultConfigurationName = Release;
		};
		618909B326A5EC010048536C /* Build configuration list for PBXNativeTarget "GHFollowers" */ = {
			isa = XCConfigurationList;
			buildConfigurations = (
				618909B426A5EC010048536C /* Debug */,
				618909B526A5EC010048536C /* Release */,
			);
			defaultConfigurationIsVisible = 0;
			defaultConfigurationName = Release;
		};
/* End XCConfigurationList section */
	};
	rootObject = 6189099726A5EC010048536C /* Project object */;
}
